
Microsoft Visual Studio Solution File, Format Version 12.00
# Visual Studio Version 16
VisualStudioVersion = 16.0.29123.88
MinimumVisualStudioVersion = 10.0.40219.1
Project("{FAE04EC0-301F-11D3-BF4B-00C04F79EFBC}") = "Su Dalgaları", "Su Dalgaları\Su Dalgaları.csproj", "{7F8D2C4A-B731-4F97-8066-03E221AC29C4}"
EndProject
Global
	GlobalSection(SolutionConfigurationPlatforms) = preSolution
		Debug|Any CPU = Debug|Any CPU
		Release|Any CPU = Release|Any CPU
	EndGlobalSection
	GlobalSection(ProjectConfigurationPlatforms) = postSolution
		{7F8D2C4A-B731-4F97-8066-03E221AC29C4}.Debug|Any CPU.ActiveCfg = Debug|Any CPU
		{7F8D2C4A-B731-4F97-8066-03E221AC29C4}.Debug|Any CPU.Build.0 = Debug|Any CPU
		{7F8D2C4A-B731-4F97-8066-03E221AC29C4}.Release|Any CPU.ActiveCfg = Release|Any CPU
		{7F8D2C4A-B731-4F97-8066-03E221AC29C4}.Release|Any CPU.Build.0 = Release|Any CPU
	EndGlobalSection
	GlobalSection(SolutionProperties) = preSolution
		HideSolutionNode = FALSE
	EndGlobalSection
	GlobalSection(ExtensibilityGlobals) = postSolution
		SolutionGuid = {35BF8D88-00E8-4F02-BC14-5EEF1EF64434}
	EndGlobalSection
EndGlobal
